// !$*UTF8*$!
{
	archiveVersion = 1;
	classes = {
	};
	objectVersion = 46;
	objects = {

/* Begin PBXBuildFile section */
		672BDC8816500431002D500E /* Arsenal.c in Sources */ = {isa = PBXBuildFile; fileRef = 672BDC3016500431002D500E /* Arsenal.c */; };
		672BDC8916500431002D500E /* Arsenal.h in Headers */ = {isa = PBXBuildFile; fileRef = 672BDC3116500431002D500E /* Arsenal.h */; };
		672BDC8A16500431002D500E /* algo.c in Sources */ = {isa = PBXBuildFile; fileRef = 672BDC3316500431002D500E /* algo.c */; };
		672BDC8B16500431002D500E /* base64.c in Sources */ = {isa = PBXBuildFile; fileRef = 672BDC3416500431002D500E /* base64.c */; };
		672BDC8C16500431002D500E /* buffer.c in Sources */ = {isa = PBXBuildFile; fileRef = 672BDC3516500431002D500E /* buffer.c */; };
		672BDC8D16500431002D500E /* byteorder.c in Sources */ = {isa = PBXBuildFile; fileRef = 672BDC3616500431002D500E /* byteorder.c */; };
		672BDC8E16500431002D500E /* common.c in Sources */ = {isa = PBXBuildFile; fileRef = 672BDC3716500431002D500E /* common.c */; };
		672BDC8F16500431002D500E /* common.h in Headers */ = {isa = PBXBuildFile; fileRef = 672BDC3816500431002D500E /* common.h */; };
		672BDC9016500431002D500E /* config.h in Headers */ = {isa = PBXBuildFile; fileRef = 672BDC3916500431002D500E /* config.h */; };
		672BDC9116500431002D500E /* crtstr.c in Sources */ = {isa = PBXBuildFile; fileRef = 672BDC3A16500431002D500E /* crtstr.c */; };
		672BDC9216500431002D500E /* datastructure.c in Sources */ = {isa = PBXBuildFile; fileRef = 672BDC3B16500431002D500E /* datastructure.c */; };
		672BDC9316500431002D500E /* enviroment.c in Sources */ = {isa = PBXBuildFile; fileRef = 672BDC3C16500431002D500E /* enviroment.c */; };
		672BDC9416500431002D500E /* enviroment_posix.h in Headers */ = {isa = PBXBuildFile; fileRef = 672BDC3D16500431002D500E /* enviroment_posix.h */; };
		672BDC9516500431002D500E /* enviroment_win.h in Headers */ = {isa = PBXBuildFile; fileRef = 672BDC3E16500431002D500E /* enviroment_win.h */; };
		672BDC9616500431002D500E /* filesystem.c in Sources */ = {isa = PBXBuildFile; fileRef = 672BDC3F16500431002D500E /* filesystem.c */; };
		672BDC9716500431002D500E /* filesystem_path_posix.h in Headers */ = {isa = PBXBuildFile; fileRef = 672BDC4016500431002D500E /* filesystem_path_posix.h */; };
		672BDC9816500431002D500E /* filesystem_path_win.h in Headers */ = {isa = PBXBuildFile; fileRef = 672BDC4116500431002D500E /* filesystem_path_win.h */; };
		672BDC9916500431002D500E /* filesystem_posix.h in Headers */ = {isa = PBXBuildFile; fileRef = 672BDC4216500431002D500E /* filesystem_posix.h */; };
		672BDC9A16500431002D500E /* filesystem_win.h in Headers */ = {isa = PBXBuildFile; fileRef = 672BDC4316500431002D500E /* filesystem_win.h */; };
		672BDC9B16500431002D500E /* heap.c in Sources */ = {isa = PBXBuildFile; fileRef = 672BDC4416500431002D500E /* heap.c */; };
		672BDC9C16500431002D500E /* heap.h in Headers */ = {isa = PBXBuildFile; fileRef = 672BDC4516500431002D500E /* heap.h */; };
		672BDC9D16500431002D500E /* math.c in Sources */ = {isa = PBXBuildFile; fileRef = 672BDC4616500431002D500E /* math.c */; };
		672BDC9E16500431002D500E /* matrix.c in Sources */ = {isa = PBXBuildFile; fileRef = 672BDC4716500431002D500E /* matrix.c */; };
		672BDC9F16500431002D500E /* memory.c in Sources */ = {isa = PBXBuildFile; fileRef = 672BDC4816500431002D500E /* memory.c */; };
		672BDCA016500431002D500E /* platform.h in Headers */ = {isa = PBXBuildFile; fileRef = 672BDC4916500431002D500E /* platform.h */; };
		672BDCA116500431002D500E /* printf.c in Sources */ = {isa = PBXBuildFile; fileRef = 672BDC4A16500431002D500E /* printf.c */; };
		672BDCA216500431002D500E /* random.c in Sources */ = {isa = PBXBuildFile; fileRef = 672BDC4B16500431002D500E /* random.c */; };
		672BDCA316500431002D500E /* status.h in Headers */ = {isa = PBXBuildFile; fileRef = 672BDC4C16500431002D500E /* status.h */; };
		672BDCA416500431002D500E /* strconv.c in Sources */ = {isa = PBXBuildFile; fileRef = 672BDC4D16500431002D500E /* strconv.c */; };
		672BDCA516500431002D500E /* string.c in Sources */ = {isa = PBXBuildFile; fileRef = 672BDC4E16500431002D500E /* string.c */; };
		672BDCA616500431002D500E /* strnum.c in Sources */ = {isa = PBXBuildFile; fileRef = 672BDC4F16500431002D500E /* strnum.c */; };
		672BDCA716500431002D500E /* strtable.c in Sources */ = {isa = PBXBuildFile; fileRef = 672BDC5016500431002D500E /* strtable.c */; };
		672BDCA816500431002D500E /* textfile.c in Sources */ = {isa = PBXBuildFile; fileRef = 672BDC5116500431002D500E /* textfile.c */; };
		672BDCA916500431002D500E /* thread.c in Sources */ = {isa = PBXBuildFile; fileRef = 672BDC5216500431002D500E /* thread.c */; };
		672BDCAA16500431002D500E /* thread_posix.h in Headers */ = {isa = PBXBuildFile; fileRef = 672BDC5316500431002D500E /* thread_posix.h */; };
		672BDCAB16500431002D500E /* thread_posix_apple.h in Headers */ = {isa = PBXBuildFile; fileRef = 672BDC5416500431002D500E /* thread_posix_apple.h */; };
		672BDCAC16500431002D500E /* thread_posix_posix.h in Headers */ = {isa = PBXBuildFile; fileRef = 672BDC5516500431002D500E /* thread_posix_posix.h */; };
		672BDCAD16500431002D500E /* thread_win.h in Headers */ = {isa = PBXBuildFile; fileRef = 672BDC5616500431002D500E /* thread_win.h */; };
		672BDCAE16500431002D500E /* uri.c in Sources */ = {isa = PBXBuildFile; fileRef = 672BDC5716500431002D500E /* uri.c */; };
		672BDCAF16500431002D500E /* utilities.c in Sources */ = {isa = PBXBuildFile; fileRef = 672BDC5816500431002D500E /* utilities.c */; };
		672BDCB016500431002D500E /* vector.c in Sources */ = {isa = PBXBuildFile; fileRef = 672BDC5916500431002D500E /* vector.c */; };
		672BDCB116500431002D500E /* lex.c in Sources */ = {isa = PBXBuildFile; fileRef = 672BDC5B16500431002D500E /* lex.c */; };
		672BDCB216500431002D500E /* lex.h in Headers */ = {isa = PBXBuildFile; fileRef = 672BDC5C16500431002D500E /* lex.h */; };
		672BDCB316500431002D500E /* lex_misc.c in Sources */ = {isa = PBXBuildFile; fileRef = 672BDC5D16500431002D500E /* lex_misc.c */; };
		672BDCB416500431002D500E /* match.c in Sources */ = {isa = PBXBuildFile; fileRef = 672BDC5E16500431002D500E /* match.c */; };
		672BDCB516500431002D500E /* rgx.h in Headers */ = {isa = PBXBuildFile; fileRef = 672BDC5F16500431002D500E /* rgx.h */; };
		672BDCB616500431002D500E /* rgx_compile.c in Sources */ = {isa = PBXBuildFile; fileRef = 672BDC6016500431002D500E /* rgx_compile.c */; };
		672BDCB716500431002D500E /* rgx_exec.c in Sources */ = {isa = PBXBuildFile; fileRef = 672BDC6116500431002D500E /* rgx_exec.c */; };
		672BDCB816500431002D500E /* rgx_misc.c in Sources */ = {isa = PBXBuildFile; fileRef = 672BDC6216500431002D500E /* rgx_misc.c */; };
		672BDCB916500431002D500E /* rgx_node.c in Sources */ = {isa = PBXBuildFile; fileRef = 672BDC6316500431002D500E /* rgx_node.c */; };
		672BDCBA16500431002D500E /* rgx_parser.c in Sources */ = {isa = PBXBuildFile; fileRef = 672BDC6416500431002D500E /* rgx_parser.c */; };
		672BDCBB16500431002D500E /* grammar.c in Sources */ = {isa = PBXBuildFile; fileRef = 672BDC6616500431002D500E /* grammar.c */; };
		672BDCBC16500431002D500E /* lalr.h in Headers */ = {isa = PBXBuildFile; fileRef = 672BDC6716500431002D500E /* lalr.h */; };
		672BDCBD16500431002D500E /* lalr_build.c in Sources */ = {isa = PBXBuildFile; fileRef = 672BDC6816500431002D500E /* lalr_build.c */; };
		672BDCBE16500431002D500E /* lalr_config.c in Sources */ = {isa = PBXBuildFile; fileRef = 672BDC6916500431002D500E /* lalr_config.c */; };
		672BDCBF16500431002D500E /* lalr_config_aux.h in Headers */ = {isa = PBXBuildFile; fileRef = 672BDC6A16500431002D500E /* lalr_config_aux.h */; };
		672BDCC016500431002D500E /* lalr_state.c in Sources */ = {isa = PBXBuildFile; fileRef = 672BDC6B16500431002D500E /* lalr_state.c */; };
		672BDCC116500431002D500E /* lr_action.c in Sources */ = {isa = PBXBuildFile; fileRef = 672BDC6C16500431002D500E /* lr_action.c */; };
		672BDCC216500431002D500E /* lr_action.h in Headers */ = {isa = PBXBuildFile; fileRef = 672BDC6D16500431002D500E /* lr_action.h */; };
		672BDCC316500431002D500E /* parser.c in Sources */ = {isa = PBXBuildFile; fileRef = 672BDC6E16500431002D500E /* parser.c */; };
		672BDCC416500431002D500E /* parser.h in Headers */ = {isa = PBXBuildFile; fileRef = 672BDC6F16500431002D500E /* parser.h */; };
		672BDCC516500431002D500E /* parser_in.c in Sources */ = {isa = PBXBuildFile; fileRef = 672BDC7016500431002D500E /* parser_in.c */; };
		672BDCC616500431002D500E /* parser_in.h in Headers */ = {isa = PBXBuildFile; fileRef = 672BDC7116500431002D500E /* parser_in.h */; };
		672BDCC716500431002D500E /* report.c in Sources */ = {isa = PBXBuildFile; fileRef = 672BDC7216500431002D500E /* report.c */; };
		672BDCC816500431002D500E /* symbol.c in Sources */ = {isa = PBXBuildFile; fileRef = 672BDC7316500431002D500E /* symbol.c */; };
		672BDCC916500431002D500E /* tengu.c in Sources */ = {isa = PBXBuildFile; fileRef = 672BDC7516500431002D500E /* tengu.c */; };
		672BDCCA16500431002D500E /* tengu.h in Headers */ = {isa = PBXBuildFile; fileRef = 672BDC7616500431002D500E /* tengu.h */; };
		672BDCCB16500431002D500E /* tengu_parser.c in Sources */ = {isa = PBXBuildFile; fileRef = 672BDC7716500431002D500E /* tengu_parser.c */; };
		672BDCCC16500431002D500E /* tengu_parser.h in Headers */ = {isa = PBXBuildFile; fileRef = 672BDC7816500431002D500E /* tengu_parser.h */; };
		672BDCCD16500431002D500E /* tengu_parser_impl.h in Headers */ = {isa = PBXBuildFile; fileRef = 672BDC7916500431002D500E /* tengu_parser_impl.h */; };
		672BDCCE16500431002D500E /* tengu_utility.c in Sources */ = {isa = PBXBuildFile; fileRef = 672BDC7A16500431002D500E /* tengu_utility.c */; };
		672BDCCF16500431002D500E /* tengu_utility.h in Headers */ = {isa = PBXBuildFile; fileRef = 672BDC7B16500431002D500E /* tengu_utility.h */; };
		672BDCD016500431002D500E /* tguvm.c in Sources */ = {isa = PBXBuildFile; fileRef = 672BDC7C16500431002D500E /* tguvm.c */; };
		672BDCD116500431002D500E /* tguvm.h in Headers */ = {isa = PBXBuildFile; fileRef = 672BDC7D16500431002D500E /* tguvm.h */; };
		672BDCD216500431002D500E /* grammar_codegen.c in Sources */ = {isa = PBXBuildFile; fileRef = 672BDC7F16500431002D500E /* grammar_codegen.c */; };
		672BDCD316500431002D500E /* grammar_collector.c in Sources */ = {isa = PBXBuildFile; fileRef = 672BDC8016500431002D500E /* grammar_collector.c */; };
		672BDCD416500431002D500E /* grammar_config.h in Headers */ = {isa = PBXBuildFile; fileRef = 672BDC8116500431002D500E /* grammar_config.h */; };
		672BDCD516500431002D500E /* iniobj.c in Sources */ = {isa = PBXBuildFile; fileRef = 672BDC8216500431002D500E /* iniobj.c */; };
		672BDCD616500431002D500E /* iniobj.h in Headers */ = {isa = PBXBuildFile; fileRef = 672BDC8316500431002D500E /* iniobj.h */; };
		672BDCD716500431002D500E /* serializer.c in Sources */ = {isa = PBXBuildFile; fileRef = 672BDC8416500431002D500E /* serializer.c */; };
		672BDCD816500431002D500E /* serializer.h in Headers */ = {isa = PBXBuildFile; fileRef = 672BDC8516500431002D500E /* serializer.h */; };
		672BDCD916500431002D500E /* tools.c in Sources */ = {isa = PBXBuildFile; fileRef = 672BDC8616500431002D500E /* tools.c */; };
		672BDCDA16500431002D500E /* tools.h in Headers */ = {isa = PBXBuildFile; fileRef = 672BDC8716500431002D500E /* tools.h */; };
		67940A611783F21A002B6140 /* filesystem_path_posix_apple.h in Headers */ = {isa = PBXBuildFile; fileRef = 67940A5E1783F21A002B6140 /* filesystem_path_posix_apple.h */; };
		67940A621783F21A002B6140 /* filesystem_path_posix_posix.h in Headers */ = {isa = PBXBuildFile; fileRef = 67940A5F1783F21A002B6140 /* filesystem_path_posix_posix.h */; };
		67940A631783F21A002B6140 /* thread_posix_android.h in Headers */ = {isa = PBXBuildFile; fileRef = 67940A601783F21A002B6140 /* thread_posix_android.h */; };
		BE328EEB14F20CA9006BCA74 /* Foundation.framework in Frameworks */ = {isa = PBXBuildFile; fileRef = BE328EEA14F20CA9006BCA74 /* Foundation.framework */; };
/* End PBXBuildFile section */

/* Begin PBXFileReference section */
		672BDC3016500431002D500E /* Arsenal.c */ = {isa = PBXFileReference; fileEncoding = 4; lastKnownFileType = sourcecode.c.c; path = Arsenal.c; sourceTree = "<group>"; };
		672BDC3116500431002D500E /* Arsenal.h */ = {isa = PBXFileReference; fileEncoding = 4; lastKnownFileType = sourcecode.c.h; path = Arsenal.h; sourceTree = "<group>"; };
		672BDC3316500431002D500E /* algo.c */ = {isa = PBXFileReference; fileEncoding = 4; lastKnownFileType = sourcecode.c.c; path = algo.c; sourceTree = "<group>"; };
		672BDC3416500431002D500E /* base64.c */ = {isa = PBXFileReference; fileEncoding = 4; lastKnownFileType = sourcecode.c.c; path = base64.c; sourceTree = "<group>"; };
		672BDC3516500431002D500E /* buffer.c */ = {isa = PBXFileReference; fileEncoding = 4; lastKnownFileType = sourcecode.c.c; path = buffer.c; sourceTree = "<group>"; };
		672BDC3616500431002D500E /* byteorder.c */ = {isa = PBXFileReference; fileEncoding = 4; lastKnownFileType = sourcecode.c.c; path = byteorder.c; sourceTree = "<group>"; };
		672BDC3716500431002D500E /* common.c */ = {isa = PBXFileReference; fileEncoding = 4; lastKnownFileType = sourcecode.c.c; path = common.c; sourceTree = "<group>"; };
		672BDC3816500431002D500E /* common.h */ = {isa = PBXFileReference; fileEncoding = 4; lastKnownFileType = sourcecode.c.h; path = common.h; sourceTree = "<group>"; };
		672BDC3916500431002D500E /* config.h */ = {isa = PBXFileReference; fileEncoding = 4; lastKnownFileType = sourcecode.c.h; path = config.h; sourceTree = "<group>"; };
		672BDC3A16500431002D500E /* crtstr.c */ = {isa = PBXFileReference; fileEncoding = 4; lastKnownFileType = sourcecode.c.c; path = crtstr.c; sourceTree = "<group>"; };
		672BDC3B16500431002D500E /* datastructure.c */ = {isa = PBXFileReference; fileEncoding = 4; lastKnownFileType = sourcecode.c.c; path = datastructure.c; sourceTree = "<group>"; };
		672BDC3C16500431002D500E /* enviroment.c */ = {isa = PBXFileReference; fileEncoding = 4; lastKnownFileType = sourcecode.c.c; path = enviroment.c; sourceTree = "<group>"; };
		672BDC3D16500431002D500E /* enviroment_posix.h */ = {isa = PBXFileReference; fileEncoding = 4; lastKnownFileType = sourcecode.c.h; path = enviroment_posix.h; sourceTree = "<group>"; };
		672BDC3E16500431002D500E /* enviroment_win.h */ = {isa = PBXFileReference; fileEncoding = 4; lastKnownFileType = sourcecode.c.h; path = enviroment_win.h; sourceTree = "<group>"; };
		672BDC3F16500431002D500E /* filesystem.c */ = {isa = PBXFileReference; fileEncoding = 4; lastKnownFileType = sourcecode.c.c; path = filesystem.c; sourceTree = "<group>"; };
		672BDC4016500431002D500E /* filesystem_path_posix.h */ = {isa = PBXFileReference; fileEncoding = 4; lastKnownFileType = sourcecode.c.h; path = filesystem_path_posix.h; sourceTree = "<group>"; };
		672BDC4116500431002D500E /* filesystem_path_win.h */ = {isa = PBXFileReference; fileEncoding = 4; lastKnownFileType = sourcecode.c.h; path = filesystem_path_win.h; sourceTree = "<group>"; };
		672BDC4216500431002D500E /* filesystem_posix.h */ = {isa = PBXFileReference; fileEncoding = 4; lastKnownFileType = sourcecode.c.h; path = filesystem_posix.h; sourceTree = "<group>"; };
		672BDC4316500431002D500E /* filesystem_win.h */ = {isa = PBXFileReference; fileEncoding = 4; lastKnownFileType = sourcecode.c.h; path = filesystem_win.h; sourceTree = "<group>"; };
		672BDC4416500431002D500E /* heap.c */ = {isa = PBXFileReference; fileEncoding = 4; lastKnownFileType = sourcecode.c.c; path = heap.c; sourceTree = "<group>"; };
		672BDC4516500431002D500E /* heap.h */ = {isa = PBXFileReference; fileEncoding = 4; lastKnownFileType = sourcecode.c.h; path = heap.h; sourceTree = "<group>"; };
		672BDC4616500431002D500E /* math.c */ = {isa = PBXFileReference; fileEncoding = 4; lastKnownFileType = sourcecode.c.c; path = math.c; sourceTree = "<group>"; };
		672BDC4716500431002D500E /* matrix.c */ = {isa = PBXFileReference; fileEncoding = 4; lastKnownFileType = sourcecode.c.c; path = matrix.c; sourceTree = "<group>"; };
		672BDC4816500431002D500E /* memory.c */ = {isa = PBXFileReference; fileEncoding = 4; lastKnownFileType = sourcecode.c.c; path = memory.c; sourceTree = "<group>"; };
		672BDC4916500431002D500E /* platform.h */ = {isa = PBXFileReference; fileEncoding = 4; lastKnownFileType = sourcecode.c.h; path = platform.h; sourceTree = "<group>"; };
		672BDC4A16500431002D500E /* printf.c */ = {isa = PBXFileReference; fileEncoding = 4; lastKnownFileType = sourcecode.c.c; path = printf.c; sourceTree = "<group>"; };
		672BDC4B16500431002D500E /* random.c */ = {isa = PBXFileReference; fileEncoding = 4; lastKnownFileType = sourcecode.c.c; path = random.c; sourceTree = "<group>"; };
		672BDC4C16500431002D500E /* status.h */ = {isa = PBXFileReference; fileEncoding = 4; lastKnownFileType = sourcecode.c.h; path = status.h; sourceTree = "<group>"; };
		672BDC4D16500431002D500E /* strconv.c */ = {isa = PBXFileReference; fileEncoding = 4; lastKnownFileType = sourcecode.c.c; path = strconv.c; sourceTree = "<group>"; };
		672BDC4E16500431002D500E /* string.c */ = {isa = PBXFileReference; fileEncoding = 4; lastKnownFileType = sourcecode.c.c; path = string.c; sourceTree = "<group>"; };
		672BDC4F16500431002D500E /* strnum.c */ = {isa = PBXFileReference; fileEncoding = 4; lastKnownFileType = sourcecode.c.c; path = strnum.c; sourceTree = "<group>"; };
		672BDC5016500431002D500E /* strtable.c */ = {isa = PBXFileReference; fileEncoding = 4; lastKnownFileType = sourcecode.c.c; path = strtable.c; sourceTree = "<group>"; };
		672BDC5116500431002D500E /* textfile.c */ = {isa = PBXFileReference; fileEncoding = 4; lastKnownFileType = sourcecode.c.c; path = textfile.c; sourceTree = "<group>"; };
		672BDC5216500431002D500E /* thread.c */ = {isa = PBXFileReference; fileEncoding = 4; lastKnownFileType = sourcecode.c.c; path = thread.c; sourceTree = "<group>"; };
		672BDC5316500431002D500E /* thread_posix.h */ = {isa = PBXFileReference; fileEncoding = 4; lastKnownFileType = sourcecode.c.h; path = thread_posix.h; sourceTree = "<group>"; };
		672BDC5416500431002D500E /* thread_posix_apple.h */ = {isa = PBXFileReference; fileEncoding = 4; lastKnownFileType = sourcecode.c.h; path = thread_posix_apple.h; sourceTree = "<group>"; };
		672BDC5516500431002D500E /* thread_posix_posix.h */ = {isa = PBXFileReference; fileEncoding = 4; lastKnownFileType = sourcecode.c.h; path = thread_posix_posix.h; sourceTree = "<group>"; };
		672BDC5616500431002D500E /* thread_win.h */ = {isa = PBXFileReference; fileEncoding = 4; lastKnownFileType = sourcecode.c.h; path = thread_win.h; sourceTree = "<group>"; };
		672BDC5716500431002D500E /* uri.c */ = {isa = PBXFileReference; fileEncoding = 4; lastKnownFileType = sourcecode.c.c; path = uri.c; sourceTree = "<group>"; };
		672BDC5816500431002D500E /* utilities.c */ = {isa = PBXFileReference; fileEncoding = 4; lastKnownFileType = sourcecode.c.c; path = utilities.c; sourceTree = "<group>"; };
		672BDC5916500431002D500E /* vector.c */ = {isa = PBXFileReference; fileEncoding = 4; lastKnownFileType = sourcecode.c.c; path = vector.c; sourceTree = "<group>"; };
		672BDC5B16500431002D500E /* lex.c */ = {isa = PBXFileReference; fileEncoding = 4; lastKnownFileType = sourcecode.c.c; path = lex.c; sourceTree = "<group>"; };
		672BDC5C16500431002D500E /* lex.h */ = {isa = PBXFileReference; fileEncoding = 4; lastKnownFileType = sourcecode.c.h; path = lex.h; sourceTree = "<group>"; };
		672BDC5D16500431002D500E /* lex_misc.c */ = {isa = PBXFileReference; fileEncoding = 4; lastKnownFileType = sourcecode.c.c; path = lex_misc.c; sourceTree = "<group>"; };
		672BDC5E16500431002D500E /* match.c */ = {isa = PBXFileReference; fileEncoding = 4; lastKnownFileType = sourcecode.c.c; path = match.c; sourceTree = "<group>"; };
		672BDC5F16500431002D500E /* rgx.h */ = {isa = PBXFileReference; fileEncoding = 4; lastKnownFileType = sourcecode.c.h; path = rgx.h; sourceTree = "<group>"; };
		672BDC6016500431002D500E /* rgx_compile.c */ = {isa = PBXFileReference; fileEncoding = 4; lastKnownFileType = sourcecode.c.c; path = rgx_compile.c; sourceTree = "<group>"; };
		672BDC6116500431002D500E /* rgx_exec.c */ = {isa = PBXFileReference; fileEncoding = 4; lastKnownFileType = sourcecode.c.c; path = rgx_exec.c; sourceTree = "<group>"; };
		672BDC6216500431002D500E /* rgx_misc.c */ = {isa = PBXFileReference; fileEncoding = 4; lastKnownFileType = sourcecode.c.c; path = rgx_misc.c; sourceTree = "<group>"; };
		672BDC6316500431002D500E /* rgx_node.c */ = {isa = PBXFileReference; fileEncoding = 4; lastKnownFileType = sourcecode.c.c; path = rgx_node.c; sourceTree = "<group>"; };
		672BDC6416500431002D500E /* rgx_parser.c */ = {isa = PBXFileReference; fileEncoding = 4; lastKnownFileType = sourcecode.c.c; path = rgx_parser.c; sourceTree = "<group>"; };
		672BDC6616500431002D500E /* grammar.c */ = {isa = PBXFileReference; fileEncoding = 4; lastKnownFileType = sourcecode.c.c; path = grammar.c; sourceTree = "<group>"; };
		672BDC6716500431002D500E /* lalr.h */ = {isa = PBXFileReference; fileEncoding = 4; lastKnownFileType = sourcecode.c.h; path = lalr.h; sourceTree = "<group>"; };
		672BDC6816500431002D500E /* lalr_build.c */ = {isa = PBXFileReference; fileEncoding = 4; lastKnownFileType = sourcecode.c.c; path = lalr_build.c; sourceTree = "<group>"; };
		672BDC6916500431002D500E /* lalr_config.c */ = {isa = PBXFileReference; fileEncoding = 4; lastKnownFileType = sourcecode.c.c; path = lalr_config.c; sourceTree = "<group>"; };
		672BDC6A16500431002D500E /* lalr_config_aux.h */ = {isa = PBXFileReference; fileEncoding = 4; lastKnownFileType = sourcecode.c.h; path = lalr_config_aux.h; sourceTree = "<group>"; };
		672BDC6B16500431002D500E /* lalr_state.c */ = {isa = PBXFileReference; fileEncoding = 4; lastKnownFileType = sourcecode.c.c; path = lalr_state.c; sourceTree = "<group>"; };
		672BDC6C16500431002D500E /* lr_action.c */ = {isa = PBXFileReference; fileEncoding = 4; lastKnownFileType = sourcecode.c.c; path = lr_action.c; sourceTree = "<group>"; };
		672BDC6D16500431002D500E /* lr_action.h */ = {isa = PBXFileReference; fileEncoding = 4; lastKnownFileType = sourcecode.c.h; path = lr_action.h; sourceTree = "<group>"; };
		672BDC6E16500431002D500E /* parser.c */ = {isa = PBXFileReference; fileEncoding = 4; lastKnownFileType = sourcecode.c.c; path = parser.c; sourceTree = "<group>"; };
		672BDC6F16500431002D500E /* parser.h */ = {isa = PBXFileReference; fileEncoding = 4; lastKnownFileType = sourcecode.c.h; path = parser.h; sourceTree = "<group>"; };
		672BDC7016500431002D500E /* parser_in.c */ = {isa = PBXFileReference; fileEncoding = 4; lastKnownFileType = sourcecode.c.c; path = parser_in.c; sourceTree = "<group>"; };
		672BDC7116500431002D500E /* parser_in.h */ = {isa = PBXFileReference; fileEncoding = 4; lastKnownFileType = sourcecode.c.h; path = parser_in.h; sourceTree = "<group>"; };
		672BDC7216500431002D500E /* report.c */ = {isa = PBXFileReference; fileEncoding = 4; lastKnownFileType = sourcecode.c.c; path = report.c; sourceTree = "<group>"; };
		672BDC7316500431002D500E /* symbol.c */ = {isa = PBXFileReference; fileEncoding = 4; lastKnownFileType = sourcecode.c.c; path = symbol.c; sourceTree = "<group>"; };
		672BDC7516500431002D500E /* tengu.c */ = {isa = PBXFileReference; fileEncoding = 4; lastKnownFileType = sourcecode.c.c; path = tengu.c; sourceTree = "<group>"; };
		672BDC7616500431002D500E /* tengu.h */ = {isa = PBXFileReference; fileEncoding = 4; lastKnownFileType = sourcecode.c.h; path = tengu.h; sourceTree = "<group>"; };
		672BDC7716500431002D500E /* tengu_parser.c */ = {isa = PBXFileReference; fileEncoding = 4; lastKnownFileType = sourcecode.c.c; path = tengu_parser.c; sourceTree = "<group>"; };
		672BDC7816500431002D500E /* tengu_parser.h */ = {isa = PBXFileReference; fileEncoding = 4; lastKnownFileType = sourcecode.c.h; path = tengu_parser.h; sourceTree = "<group>"; };
		672BDC7916500431002D500E /* tengu_parser_impl.h */ = {isa = PBXFileReference; fileEncoding = 4; lastKnownFileType = sourcecode.c.h; path = tengu_parser_impl.h; sourceTree = "<group>"; };
		672BDC7A16500431002D500E /* tengu_utility.c */ = {isa = PBXFileReference; fileEncoding = 4; lastKnownFileType = sourcecode.c.c; path = tengu_utility.c; sourceTree = "<group>"; };
		672BDC7B16500431002D500E /* tengu_utility.h */ = {isa = PBXFileReference; fileEncoding = 4; lastKnownFileType = sourcecode.c.h; path = tengu_utility.h; sourceTree = "<group>"; };
		672BDC7C16500431002D500E /* tguvm.c */ = {isa = PBXFileReference; fileEncoding = 4; lastKnownFileType = sourcecode.c.c; path = tguvm.c; sourceTree = "<group>"; };
		672BDC7D16500431002D500E /* tguvm.h */ = {isa = PBXFileReference; fileEncoding = 4; lastKnownFileType = sourcecode.c.h; path = tguvm.h; sourceTree = "<group>"; };
		672BDC7F16500431002D500E /* grammar_codegen.c */ = {isa = PBXFileReference; fileEncoding = 4; lastKnownFileType = sourcecode.c.c; path = grammar_codegen.c; sourceTree = "<group>"; };
		672BDC8016500431002D500E /* grammar_collector.c */ = {isa = PBXFileReference; fileEncoding = 4; lastKnownFileType = sourcecode.c.c; path = grammar_collector.c; sourceTree = "<group>"; };
		672BDC8116500431002D500E /* grammar_config.h */ = {isa = PBXFileReference; fileEncoding = 4; lastKnownFileType = sourcecode.c.h; path = grammar_config.h; sourceTree = "<group>"; };
		672BDC8216500431002D500E /* iniobj.c */ = {isa = PBXFileReference; fileEncoding = 4; lastKnownFileType = sourcecode.c.c; path = iniobj.c; sourceTree = "<group>"; };
		672BDC8316500431002D500E /* iniobj.h */ = {isa = PBXFileReference; fileEncoding = 4; lastKnownFileType = sourcecode.c.h; path = iniobj.h; sourceTree = "<group>"; };
		672BDC8416500431002D500E /* serializer.c */ = {isa = PBXFileReference; fileEncoding = 4; lastKnownFileType = sourcecode.c.c; path = serializer.c; sourceTree = "<group>"; };
		672BDC8516500431002D500E /* serializer.h */ = {isa = PBXFileReference; fileEncoding = 4; lastKnownFileType = sourcecode.c.h; path = serializer.h; sourceTree = "<group>"; };
		672BDC8616500431002D500E /* tools.c */ = {isa = PBXFileReference; fileEncoding = 4; lastKnownFileType = sourcecode.c.c; path = tools.c; sourceTree = "<group>"; };
		672BDC8716500431002D500E /* tools.h */ = {isa = PBXFileReference; fileEncoding = 4; lastKnownFileType = sourcecode.c.h; path = tools.h; sourceTree = "<group>"; };
		67940A5E1783F21A002B6140 /* filesystem_path_posix_apple.h */ = {isa = PBXFileReference; fileEncoding = 4; lastKnownFileType = sourcecode.c.h; path = filesystem_path_posix_apple.h; sourceTree = "<group>"; };
		67940A5F1783F21A002B6140 /* filesystem_path_posix_posix.h */ = {isa = PBXFileReference; fileEncoding = 4; lastKnownFileType = sourcecode.c.h; path = filesystem_path_posix_posix.h; sourceTree = "<group>"; };
		67940A601783F21A002B6140 /* thread_posix_android.h */ = {isa = PBXFileReference; fileEncoding = 4; lastKnownFileType = sourcecode.c.h; path = thread_posix_android.h; sourceTree = "<group>"; };
		BE328EE714F20CA9006BCA74 /* Arsenal.a */ = {isa = PBXFileReference; explicitFileType = archive.ar; includeInIndex = 0; path = Arsenal.a; sourceTree = BUILT_PRODUCTS_DIR; };
		BE328EEA14F20CA9006BCA74 /* Foundation.framework */ = {isa = PBXFileReference; lastKnownFileType = wrapper.framework; name = Foundation.framework; path = System/Library/Frameworks/Foundation.framework; sourceTree = SDKROOT; };
		BE82C84814F20D5B00F30E56 /* dabaopku.plist */ = {isa = PBXFileReference; lastKnownFileType = text.plist; path = dabaopku.plist; sourceTree = "<group>"; };
/* End PBXFileReference section */

/* Begin PBXFrameworksBuildPhase section */
		BE328EE414F20CA9006BCA74 /* Frameworks */ = {
			isa = PBXFrameworksBuildPhase;
			buildActionMask = 2147483647;
			files = (
				BE328EEB14F20CA9006BCA74 /* Foundation.framework in Frameworks */,
			);
			runOnlyForDeploymentPostprocessing = 0;
		};
/* End PBXFrameworksBuildPhase section */

/* Begin PBXGroup section */
		672BDC2F16500431002D500E /* Arsenal */ = {
			isa = PBXGroup;
			children = (
				672BDC3016500431002D500E /* Arsenal.c */,
				672BDC3116500431002D500E /* Arsenal.h */,
				672BDC3216500431002D500E /* Common */,
				672BDC5A16500431002D500E /* Lex */,
				672BDC6516500431002D500E /* Parser */,
				672BDC7416500431002D500E /* Tengu */,
				672BDC7E16500431002D500E /* Tools */,
			);
			name = Arsenal;
			path = ../../../Arsenal;
			sourceTree = "<group>";
		};
		672BDC3216500431002D500E /* Common */ = {
			isa = PBXGroup;
			children = (
				672BDC3316500431002D500E /* algo.c */,
				672BDC3416500431002D500E /* base64.c */,
				672BDC3516500431002D500E /* buffer.c */,
				672BDC3616500431002D500E /* byteorder.c */,
				672BDC3716500431002D500E /* common.c */,
				672BDC3816500431002D500E /* common.h */,
				672BDC3916500431002D500E /* config.h */,
				672BDC3A16500431002D500E /* crtstr.c */,
				672BDC3B16500431002D500E /* datastructure.c */,
				672BDC3C16500431002D500E /* enviroment.c */,
				672BDC3D16500431002D500E /* enviroment_posix.h */,
				672BDC3E16500431002D500E /* enviroment_win.h */,
				672BDC3F16500431002D500E /* filesystem.c */,
				67940A5E1783F21A002B6140 /* filesystem_path_posix_apple.h */,
				67940A5F1783F21A002B6140 /* filesystem_path_posix_posix.h */,
				672BDC4016500431002D500E /* filesystem_path_posix.h */,
				672BDC4116500431002D500E /* filesystem_path_win.h */,
				672BDC4216500431002D500E /* filesystem_posix.h */,
				672BDC4316500431002D500E /* filesystem_win.h */,
				672BDC4416500431002D500E /* heap.c */,
				672BDC4516500431002D500E /* heap.h */,
				672BDC4616500431002D500E /* math.c */,
				672BDC4716500431002D500E /* matrix.c */,
				672BDC4816500431002D500E /* memory.c */,
				672BDC4916500431002D500E /* platform.h */,
				672BDC4A16500431002D500E /* printf.c */,
				672BDC4B16500431002D500E /* random.c */,
				672BDC4C16500431002D500E /* status.h */,
				672BDC4D16500431002D500E /* strconv.c */,
				672BDC4E16500431002D500E /* string.c */,
				672BDC4F16500431002D500E /* strnum.c */,
				672BDC5016500431002D500E /* strtable.c */,
				672BDC5116500431002D500E /* textfile.c */,
				672BDC5216500431002D500E /* thread.c */,
				67940A601783F21A002B6140 /* thread_posix_android.h */,
				672BDC5416500431002D500E /* thread_posix_apple.h */,
				672BDC5516500431002D500E /* thread_posix_posix.h */,
				672BDC5316500431002D500E /* thread_posix.h */,
				672BDC5616500431002D500E /* thread_win.h */,
				672BDC5716500431002D500E /* uri.c */,
				672BDC5816500431002D500E /* utilities.c */,
				672BDC5916500431002D500E /* vector.c */,
			);
			path = Common;
			sourceTree = "<group>";
		};
		672BDC5A16500431002D500E /* Lex */ = {
			isa = PBXGroup;
			children = (
				672BDC5B16500431002D500E /* lex.c */,
				672BDC5C16500431002D500E /* lex.h */,
				672BDC5D16500431002D500E /* lex_misc.c */,
				672BDC5E16500431002D500E /* match.c */,
				672BDC5F16500431002D500E /* rgx.h */,
				672BDC6016500431002D500E /* rgx_compile.c */,
				672BDC6116500431002D500E /* rgx_exec.c */,
				672BDC6216500431002D500E /* rgx_misc.c */,
				672BDC6316500431002D500E /* rgx_node.c */,
				672BDC6416500431002D500E /* rgx_parser.c */,
			);
			path = Lex;
			sourceTree = "<group>";
		};
		672BDC6516500431002D500E /* Parser */ = {
			isa = PBXGroup;
			children = (
				672BDC6616500431002D500E /* grammar.c */,
				672BDC6716500431002D500E /* lalr.h */,
				672BDC6816500431002D500E /* lalr_build.c */,
				672BDC6916500431002D500E /* lalr_config.c */,
				672BDC6A16500431002D500E /* lalr_config_aux.h */,
				672BDC6B16500431002D500E /* lalr_state.c */,
				672BDC6C16500431002D500E /* lr_action.c */,
				672BDC6D16500431002D500E /* lr_action.h */,
				672BDC6E16500431002D500E /* parser.c */,
				672BDC6F16500431002D500E /* parser.h */,
				672BDC7016500431002D500E /* parser_in.c */,
				672BDC7116500431002D500E /* parser_in.h */,
				672BDC7216500431002D500E /* report.c */,
				672BDC7316500431002D500E /* symbol.c */,
			);
			path = Parser;
			sourceTree = "<group>";
		};
		672BDC7416500431002D500E /* Tengu */ = {
			isa = PBXGroup;
			children = (
				672BDC7516500431002D500E /* tengu.c */,
				672BDC7616500431002D500E /* tengu.h */,
				672BDC7716500431002D500E /* tengu_parser.c */,
				672BDC7816500431002D500E /* tengu_parser.h */,
				672BDC7916500431002D500E /* tengu_parser_impl.h */,
				672BDC7A16500431002D500E /* tengu_utility.c */,
				672BDC7B16500431002D500E /* tengu_utility.h */,
				672BDC7C16500431002D500E /* tguvm.c */,
				672BDC7D16500431002D500E /* tguvm.h */,
			);
			path = Tengu;
			sourceTree = "<group>";
		};
		672BDC7E16500431002D500E /* Tools */ = {
			isa = PBXGroup;
			children = (
				672BDC7F16500431002D500E /* grammar_codegen.c */,
				672BDC8016500431002D500E /* grammar_collector.c */,
				672BDC8116500431002D500E /* grammar_config.h */,
				672BDC8216500431002D500E /* iniobj.c */,
				672BDC8316500431002D500E /* iniobj.h */,
				672BDC8416500431002D500E /* serializer.c */,
				672BDC8516500431002D500E /* serializer.h */,
				672BDC8616500431002D500E /* tools.c */,
				672BDC8716500431002D500E /* tools.h */,
			);
			path = Tools;
			sourceTree = "<group>";
		};
		BE328EDC14F20CA9006BCA74 = {
			isa = PBXGroup;
			children = (
				BE82C84814F20D5B00F30E56 /* dabaopku.plist */,
				672BDC2F16500431002D500E /* Arsenal */,
				BE328EE914F20CA9006BCA74 /* Frameworks */,
				BE328EE814F20CA9006BCA74 /* Products */,
			);
			sourceTree = "<group>";
		};
		BE328EE814F20CA9006BCA74 /* Products */ = {
			isa = PBXGroup;
			children = (
				BE328EE714F20CA9006BCA74 /* Arsenal.a */,
			);
			name = Products;
			sourceTree = "<group>";
		};
		BE328EE914F20CA9006BCA74 /* Frameworks */ = {
			isa = PBXGroup;
			children = (
				BE328EEA14F20CA9006BCA74 /* Foundation.framework */,
			);
			name = Frameworks;
			sourceTree = "<group>";
		};
/* End PBXGroup section */

/* Begin PBXHeadersBuildPhase section */
		BE328EE514F20CA9006BCA74 /* Headers */ = {
			isa = PBXHeadersBuildPhase;
			buildActionMask = 2147483647;
			files = (
				672BDC8916500431002D500E /* Arsenal.h in Headers */,
				672BDC8F16500431002D500E /* common.h in Headers */,
				672BDC9016500431002D500E /* config.h in Headers */,
				672BDC9416500431002D500E /* enviroment_posix.h in Headers */,
				672BDC9516500431002D500E /* enviroment_win.h in Headers */,
				672BDC9716500431002D500E /* filesystem_path_posix.h in Headers */,
				672BDC9816500431002D500E /* filesystem_path_win.h in Headers */,
				672BDC9916500431002D500E /* filesystem_posix.h in Headers */,
				672BDC9A16500431002D500E /* filesystem_win.h in Headers */,
				672BDC9C16500431002D500E /* heap.h in Headers */,
				672BDCA016500431002D500E /* platform.h in Headers */,
				672BDCA316500431002D500E /* status.h in Headers */,
				672BDCAA16500431002D500E /* thread_posix.h in Headers */,
				672BDCAB16500431002D500E /* thread_posix_apple.h in Headers */,
				672BDCAC16500431002D500E /* thread_posix_posix.h in Headers */,
				672BDCAD16500431002D500E /* thread_win.h in Headers */,
				672BDCB216500431002D500E /* lex.h in Headers */,
				672BDCB516500431002D500E /* rgx.h in Headers */,
				672BDCBC16500431002D500E /* lalr.h in Headers */,
				672BDCBF16500431002D500E /* lalr_config_aux.h in Headers */,
				672BDCC216500431002D500E /* lr_action.h in Headers */,
				672BDCC416500431002D500E /* parser.h in Headers */,
				672BDCC616500431002D500E /* parser_in.h in Headers */,
				672BDCCA16500431002D500E /* tengu.h in Headers */,
				672BDCCC16500431002D500E /* tengu_parser.h in Headers */,
				672BDCCD16500431002D500E /* tengu_parser_impl.h in Headers */,
				672BDCCF16500431002D500E /* tengu_utility.h in Headers */,
				672BDCD116500431002D500E /* tguvm.h in Headers */,
				672BDCD416500431002D500E /* grammar_config.h in Headers */,
				672BDCD616500431002D500E /* iniobj.h in Headers */,
				672BDCD816500431002D500E /* serializer.h in Headers */,
				672BDCDA16500431002D500E /* tools.h in Headers */,
				67940A611783F21A002B6140 /* filesystem_path_posix_apple.h in Headers */,
				67940A621783F21A002B6140 /* filesystem_path_posix_posix.h in Headers */,
				67940A631783F21A002B6140 /* thread_posix_android.h in Headers */,
			);
			runOnlyForDeploymentPostprocessing = 0;
		};
/* End PBXHeadersBuildPhase section */

/* Begin PBXNativeTarget section */
		BE328EE614F20CA9006BCA74 /* ArsenalLib */ = {
			isa = PBXNativeTarget;
			buildConfigurationList = BE328EF414F20CA9006BCA74 /* Build configuration list for PBXNativeTarget "ArsenalLib" */;
			buildPhases = (
				BE328EE314F20CA9006BCA74 /* Sources */,
				BE328EE414F20CA9006BCA74 /* Frameworks */,
				BE328EE514F20CA9006BCA74 /* Headers */,
			);
			buildRules = (
			);
			dependencies = (
			);
			name = ArsenalLib;
			productName = Arsenal;
			productReference = BE328EE714F20CA9006BCA74 /* Arsenal.a */;
			productType = "com.apple.product-type.library.static";
		};
/* End PBXNativeTarget section */

/* Begin PBXProject section */
		BE328EDE14F20CA9006BCA74 /* Project object */ = {
			isa = PBXProject;
			attributes = {
				LastUpgradeCheck = 0420;
				ORGANIZATIONNAME = none;
			};
			buildConfigurationList = BE328EE114F20CA9006BCA74 /* Build configuration list for PBXProject "Arsenal" */;
			compatibilityVersion = "Xcode 3.2";
			developmentRegion = English;
			hasScannedForEncodings = 0;
			knownRegions = (
				en,
			);
			mainGroup = BE328EDC14F20CA9006BCA74;
			productRefGroup = BE328EE814F20CA9006BCA74 /* Products */;
			projectDirPath = "";
			projectRoot = "";
			targets = (
				BE328EE614F20CA9006BCA74 /* ArsenalLib */,
			);
		};
/* End PBXProject section */

/* Begin PBXSourcesBuildPhase section */
		BE328EE314F20CA9006BCA74 /* Sources */ = {
			isa = PBXSourcesBuildPhase;
			buildActionMask = 2147483647;
			files = (
				672BDC8816500431002D500E /* Arsenal.c in Sources */,
				672BDC8A16500431002D500E /* algo.c in Sources */,
				672BDC8B16500431002D500E /* base64.c in Sources */,
				672BDC8C16500431002D500E /* buffer.c in Sources */,
				672BDC8D16500431002D500E /* byteorder.c in Sources */,
				672BDC8E16500431002D500E /* common.c in Sources */,
				672BDC9116500431002D500E /* crtstr.c in Sources */,
				672BDC9216500431002D500E /* datastructure.c in Sources */,
				672BDC9316500431002D500E /* enviroment.c in Sources */,
				672BDC9616500431002D500E /* filesystem.c in Sources */,
				672BDC9B16500431002D500E /* heap.c in Sources */,
				672BDC9D16500431002D500E /* math.c in Sources */,
				672BDC9E16500431002D500E /* matrix.c in Sources */,
				672BDC9F16500431002D500E /* memory.c in Sources */,
				672BDCA116500431002D500E /* printf.c in Sources */,
				672BDCA216500431002D500E /* random.c in Sources */,
				672BDCA416500431002D500E /* strconv.c in Sources */,
				672BDCA516500431002D500E /* string.c in Sources */,
				672BDCA616500431002D500E /* strnum.c in Sources */,
				672BDCA716500431002D500E /* strtable.c in Sources */,
				672BDCA816500431002D500E /* textfile.c in Sources */,
				672BDCA916500431002D500E /* thread.c in Sources */,
				672BDCAE16500431002D500E /* uri.c in Sources */,
				672BDCAF16500431002D500E /* utilities.c in Sources */,
				672BDCB016500431002D500E /* vector.c in Sources */,
				672BDCB116500431002D500E /* lex.c in Sources */,
				672BDCB316500431002D500E /* lex_misc.c in Sources */,
				672BDCB416500431002D500E /* match.c in Sources */,
				672BDCB616500431002D500E /* rgx_compile.c in Sources */,
				672BDCB716500431002D500E /* rgx_exec.c in Sources */,
				672BDCB816500431002D500E /* rgx_misc.c in Sources */,
				672BDCB916500431002D500E /* rgx_node.c in Sources */,
				672BDCBA16500431002D500E /* rgx_parser.c in Sources */,
				672BDCBB16500431002D500E /* grammar.c in Sources */,
				672BDCBD16500431002D500E /* lalr_build.c in Sources */,
				672BDCBE16500431002D500E /* lalr_config.c in Sources */,
				672BDCC016500431002D500E /* lalr_state.c in Sources */,
				672BDCC116500431002D500E /* lr_action.c in Sources */,
				672BDCC316500431002D500E /* parser.c in Sources */,
				672BDCC516500431002D500E /* parser_in.c in Sources */,
				672BDCC716500431002D500E /* report.c in Sources */,
				672BDCC816500431002D500E /* symbol.c in Sources */,
				672BDCC916500431002D500E /* tengu.c in Sources */,
				672BDCCB16500431002D500E /* tengu_parser.c in Sources */,
				672BDCCE16500431002D500E /* tengu_utility.c in Sources */,
				672BDCD016500431002D500E /* tguvm.c in Sources */,
				672BDCD216500431002D500E /* grammar_codegen.c in Sources */,
				672BDCD316500431002D500E /* grammar_collector.c in Sources */,
				672BDCD516500431002D500E /* iniobj.c in Sources */,
				672BDCD716500431002D500E /* serializer.c in Sources */,
				672BDCD916500431002D500E /* tools.c in Sources */,
			);
			runOnlyForDeploymentPostprocessing = 0;
		};
/* End PBXSourcesBuildPhase section */

/* Begin XCBuildConfiguration section */
		BE328EF214F20CA9006BCA74 /* Debug */ = {
			isa = XCBuildConfiguration;
			buildSettings = {
				ALWAYS_SEARCH_USER_PATHS = NO;
				ARCHS = "$(ARCHS_STANDARD_32_BIT)";
				CODE_SIGN_ENTITLEMENTS = dabaopku.plist;
				CODE_SIGN_IDENTITY = "IOS Dev Crack";
				COPY_PHASE_STRIP = NO;
				GCC_C_LANGUAGE_STANDARD = gnu99;
				GCC_DYNAMIC_NO_PIC = NO;
				GCC_OPTIMIZATION_LEVEL = 0;
				GCC_PREPROCESSOR_DEFINITIONS = (
					"DEBUG=1",
					"$(inherited)",
				);
				GCC_SYMBOLS_PRIVATE_EXTERN = NO;
				GCC_VERSION = com.apple.compilers.llvm.clang.1_0;
				GCC_WARN_ABOUT_MISSING_PROTOTYPES = NO;
				GCC_WARN_ABOUT_RETURN_TYPE = YES;
				GCC_WARN_UNUSED_VARIABLE = YES;
				IPHONEOS_DEPLOYMENT_TARGET = 6.1;
				OBJROOT = "$(SYMROOT)";
				PRODUCT_NAME = Arsenal;
				PROVISIONING_PROFILE = "";
				SDKROOT = iphoneos;
				SYMROOT = build;
				TARGETED_DEVICE_FAMILY = "1,2";
			};
			name = Debug;
		};
		BE328EF314F20CA9006BCA74 /* Release */ = {
			isa = XCBuildConfiguration;
			buildSettings = {
				ALWAYS_SEARCH_USER_PATHS = NO;
				ARCHS = "$(ARCHS_STANDARD_32_BIT)";
				CODE_SIGN_ENTITLEMENTS = dabaopku.plist;
				CODE_SIGN_IDENTITY = "IOS Dev Crack";
				COPY_PHASE_STRIP = YES;
				GCC_C_LANGUAGE_STANDARD = gnu99;
				GCC_OPTIMIZATION_LEVEL = 3;
				GCC_PREPROCESSOR_DEFINITIONS = "NDEBUG=1";
				GCC_VERSION = com.apple.compilers.llvm.clang.1_0;
				GCC_WARN_ABOUT_MISSING_PROTOTYPES = NO;
				GCC_WARN_ABOUT_RETURN_TYPE = YES;
				GCC_WARN_UNUSED_VARIABLE = YES;
				IPHONEOS_DEPLOYMENT_TARGET = 6.1;
				OBJROOT = "$(SYMROOT)";
				PRODUCT_NAME = Arsenal;
				PROVISIONING_PROFILE = "";
				SDKROOT = iphoneos;
				SYMROOT = build;
				TARGETED_DEVICE_FAMILY = "1,2";
				VALIDATE_PRODUCT = YES;
			};
			name = Release;
		};
		BE328EF514F20CA9006BCA74 /* Debug */ = {
			isa = XCBuildConfiguration;
			buildSettings = {
				DSTROOT = /tmp/Arsenal.dst;
				EXECUTABLE_PREFIX = "";
				GCC_PRECOMPILE_PREFIX_HEADER = NO;
				GCC_PREFIX_HEADER = "";
				GCC_VERSION = com.apple.compilers.llvm.clang.1_0;
				IPHONEOS_DEPLOYMENT_TARGET = 6.1;
				OTHER_LDFLAGS = "-ObjC";
				PRODUCT_NAME = Arsenal;
				SDKROOT = iphoneos;
				SKIP_INSTALL = YES;
			};
			name = Debug;
		};
		BE328EF614F20CA9006BCA74 /* Release */ = {
			isa = XCBuildConfiguration;
			buildSettings = {
				DSTROOT = /tmp/Arsenal.dst;
				EXECUTABLE_PREFIX = "";
				GCC_OPTIMIZATION_LEVEL = 3;
				GCC_PRECOMPILE_PREFIX_HEADER = NO;
				GCC_PREFIX_HEADER = "";
				GCC_VERSION = com.apple.compilers.llvm.clang.1_0;
				IPHONEOS_DEPLOYMENT_TARGET = 6.1;
				OTHER_LDFLAGS = "-ObjC";
				PRODUCT_NAME = Arsenal;
				SDKROOT = iphoneos;
				SKIP_INSTALL = YES;
			};
			name = Release;
		};
/* End XCBuildConfiguration section */

/* Begin XCConfigurationList section */
		BE328EE114F20CA9006BCA74 /* Build configuration list for PBXProject "Arsenal" */ = {
			isa = XCConfigurationList;
			buildConfigurations = (
				BE328EF214F20CA9006BCA74 /* Debug */,
				BE328EF314F20CA9006BCA74 /* Release */,
			);
			defaultConfigurationIsVisible = 0;
			defaultConfigurationName = Release;
		};
		BE328EF414F20CA9006BCA74 /* Build configuration list for PBXNativeTarget "ArsenalLib" */ = {
			isa = XCConfigurationList;
			buildConfigurations = (
				BE328EF514F20CA9006BCA74 /* Debug */,
				BE328EF614F20CA9006BCA74 /* Release */,
			);
			defaultConfigurationIsVisible = 0;
			defaultConfigurationName = Release;
		};
/* End XCConfigurationList section */
	};
	rootObject = BE328EDE14F20CA9006BCA74 /* Project object */;
}
